// !$*UTF8*$!
{
	archiveVersion = 1;
	classes = {
	};
	objectVersion = 55;
	objects = {

/* Begin PBXBuildFile section */
		B721ACDA27FD1C22001FBFB5 /* AudioPlayer.swift in Sources */ = {isa = PBXBuildFile; fileRef = B721ACD927FD1C22001FBFB5 /* AudioPlayer.swift */; };
		B786E32427D6E663002B7E53 /* CircleGroupView.swift in Sources */ = {isa = PBXBuildFile; fileRef = B786E32327D6E663002B7E53 /* CircleGroupView.swift */; };
		B78AE98C27D1E49B00CABDAC /* RestartApp.swift in Sources */ = {isa = PBXBuildFile; fileRef = B78AE98B27D1E49B00CABDAC /* RestartApp.swift */; };
		B78AE98E27D1E49B00CABDAC /* ContentView.swift in Sources */ = {isa = PBXBuildFile; fileRef = B78AE98D27D1E49B00CABDAC /* ContentView.swift */; };
		B78AE99027D1E49B00CABDAC /* Assets.xcassets in Resources */ = {isa = PBXBuildFile; fileRef = B78AE98F27D1E49B00CABDAC /* Assets.xcassets */; };
		B78AE99327D1E49B00CABDAC /* Preview Assets.xcassets in Resources */ = {isa = PBXBuildFile; fileRef = B78AE99227D1E49B00CABDAC /* Preview Assets.xcassets */; };
		B78AE99B27D1E53F00CABDAC /* chimeup.mp3 in Resources */ = {isa = PBXBuildFile; fileRef = B78AE99927D1E53F00CABDAC /* chimeup.mp3 */; };
		B78AE99C27D1E53F00CABDAC /* success.m4a in Resources */ = {isa = PBXBuildFile; fileRef = B78AE99A27D1E53F00CABDAC /* success.m4a */; };
		B78AE9A727D1E9C900CABDAC /* OnboardingView.swift in Sources */ = {isa = PBXBuildFile; fileRef = B78AE9A627D1E9C900CABDAC /* OnboardingView.swift */; };
		B78AE9AB27D5B9EE00CABDAC /* HomeView.swift in Sources */ = {isa = PBXBuildFile; fileRef = B78AE9AA27D5B9EE00CABDAC /* HomeView.swift */; };
/* End PBXBuildFile section */

/* Begin PBXFileReference section */
		B721ACD927FD1C22001FBFB5 /* AudioPlayer.swift */ = {isa = PBXFileReference; lastKnownFileType = sourcecode.swift; path = AudioPlayer.swift; sourceTree = "<group>"; };
		B786E32327D6E663002B7E53 /* CircleGroupView.swift */ = {isa = PBXFileReference; lastKnownFileType = sourcecode.swift; path = CircleGroupView.swift; sourceTree = "<group>"; };
		B78AE98827D1E49B00CABDAC /* Restart.app */ = {isa = PBXFileReference; explicitFileType = wrapper.application; includeInIndex = 0; path = Restart.app; sourceTree = BUILT_PRODUCTS_DIR; };
		B78AE98B27D1E49B00CABDAC /* RestartApp.swift */ = {isa = PBXFileReference; lastKnownFileType = sourcecode.swift; path = RestartApp.swift; sourceTree = "<group>"; };
		B78AE98D27D1E49B00CABDAC /* ContentView.swift */ = {isa = PBXFileReference; lastKnownFileType = sourcecode.swift; path = ContentView.swift; sourceTree = "<group>"; };
		B78AE98F27D1E49B00CABDAC /* Assets.xcassets */ = {isa = PBXFileReference; lastKnownFileType = folder.assetcatalog; path = Assets.xcassets; sourceTree = "<group>"; };
		B78AE99227D1E49B00CABDAC /* Preview Assets.xcassets */ = {isa = PBXFileReference; lastKnownFileType = folder.assetcatalog; path = "Preview Assets.xcassets"; sourceTree = "<group>"; };
		B78AE99927D1E53F00CABDAC /* chimeup.mp3 */ = {isa = PBXFileReference; lastKnownFileType = audio.mp3; path = chimeup.mp3; sourceTree = "<group>"; };
		B78AE99A27D1E53F00CABDAC /* success.m4a */ = {isa = PBXFileReference; lastKnownFileType = file; path = success.m4a; sourceTree = "<group>"; };
		B78AE9A127D1E7EB00CABDAC /* Info.plist */ = {isa = PBXFileReference; lastKnownFileType = text.plist; path = Info.plist; sourceTree = "<group>"; };
		B78AE9A627D1E9C900CABDAC /* OnboardingView.swift */ = {isa = PBXFileReference; lastKnownFileType = sourcecode.swift; path = OnboardingView.swift; sourceTree = "<group>"; };
		B78AE9AA27D5B9EE00CABDAC /* HomeView.swift */ = {isa = PBXFileReference; lastKnownFileType = sourcecode.swift; path = HomeView.swift; sourceTree = "<group>"; };
/* End PBXFileReference section */

/* Begin PBXFrameworksBuildPhase section */
		B78AE98527D1E49B00CABDAC /* Frameworks */ = {
			isa = PBXFrameworksBuildPhase;
			buildActionMask = 2147483647;
			files = (
			);
			runOnlyForDeploymentPostprocessing = 0;
		};
/* End PBXFrameworksBuildPhase section */

/* Begin PBXGroup section */
		B78AE97F27D1E49B00CABDAC = {
			isa = PBXGroup;
			children = (
				B78AE98A27D1E49B00CABDAC /* Restart */,
				B78AE98927D1E49B00CABDAC /* Products */,
			);
			sourceTree = "<group>";
		};
		B78AE98927D1E49B00CABDAC /* Products */ = {
			isa = PBXGroup;
			children = (
				B78AE98827D1E49B00CABDAC /* Restart.app */,
			);
			name = Products;
			sourceTree = "<group>";
		};
		B78AE98A27D1E49B00CABDAC /* Restart */ = {
			isa = PBXGroup;
			children = (
				B78AE9A127D1E7EB00CABDAC /* Info.plist */,
				B78AE9A027D1E66400CABDAC /* Utilities */,
				B78AE99F27D1E65100CABDAC /* Views */,
				B78AE98B27D1E49B00CABDAC /* RestartApp.swift */,
				B78AE99E27D1E64700CABDAC /* Screens */,
				B78AE98F27D1E49B00CABDAC /* Assets.xcassets */,
				B78AE99D27D1E55E00CABDAC /* Sounds */,
				B78AE99127D1E49B00CABDAC /* Preview Content */,
			);
			path = Restart;
			sourceTree = "<group>";
		};
		B78AE99127D1E49B00CABDAC /* Preview Content */ = {
			isa = PBXGroup;
			children = (
				B78AE99227D1E49B00CABDAC /* Preview Assets.xcassets */,
			);
			path = "Preview Content";
			sourceTree = "<group>";
		};
		B78AE99D27D1E55E00CABDAC /* Sounds */ = {
			isa = PBXGroup;
			children = (
				B78AE99927D1E53F00CABDAC /* chimeup.mp3 */,
				B78AE99A27D1E53F00CABDAC /* success.m4a */,
			);
			path = Sounds;
			sourceTree = "<group>";
		};
		B78AE99E27D1E64700CABDAC /* Screens */ = {
			isa = PBXGroup;
			children = (
				B78AE98D27D1E49B00CABDAC /* ContentView.swift */,
				B78AE9A627D1E9C900CABDAC /* OnboardingView.swift */,
				B78AE9AA27D5B9EE00CABDAC /* HomeView.swift */,
			);
			path = Screens;
			sourceTree = "<group>";
		};
		B78AE99F27D1E65100CABDAC /* Views */ = {
			isa = PBXGroup;
			children = (
				B786E32327D6E663002B7E53 /* CircleGroupView.swift */,
			);
			path = Views;
			sourceTree = "<group>";
		};
		B78AE9A027D1E66400CABDAC /* Utilities */ = {
			isa = PBXGroup;
			children = (
				B721ACD927FD1C22001FBFB5 /* AudioPlayer.swift */,
			);
			path = Utilities;
			sourceTree = "<group>";
		};
/* End PBXGroup section */

/* Begin PBXNativeTarget section */
		B78AE98727D1E49B00CABDAC /* Restart */ = {
			isa = PBXNativeTarget;
			buildConfigurationList = B78AE99627D1E49B00CABDAC /* Build configuration list for PBXNativeTarget "Restart" */;
			buildPhases = (
				B78AE98427D1E49B00CABDAC /* Sources */,
				B78AE98527D1E49B00CABDAC /* Frameworks */,
				B78AE98627D1E49B00CABDAC /* Resources */,
			);
			buildRules = (
			);
			dependencies = (
			);
			name = Restart;
			productName = Restart;
			productReference = B78AE98827D1E49B00CABDAC /* Restart.app */;
			productType = "com.apple.product-type.application";
		};
/* End PBXNativeTarget section */

/* Begin PBXProject section */
		B78AE98027D1E49B00CABDAC /* Project object */ = {
			isa = PBXProject;
			attributes = {
				BuildIndependentTargetsInParallel = 1;
				LastSwiftUpdateCheck = 1320;
				LastUpgradeCheck = 1320;
				TargetAttributes = {
					B78AE98727D1E49B00CABDAC = {
						CreatedOnToolsVersion = 13.2.1;
					};
				};
			};
			buildConfigurationList = B78AE98327D1E49B00CABDAC /* Build configuration list for PBXProject "Restart" */;
			compatibilityVersion = "Xcode 13.0";
			developmentRegion = en;
			hasScannedForEncodings = 0;
			knownRegions = (
				en,
				Base,
			);
			mainGroup = B78AE97F27D1E49B00CABDAC;
			productRefGroup = B78AE98927D1E49B00CABDAC /* Products */;
			projectDirPath = "";
			projectRoot = "";
			targets = (
				B78AE98727D1E49B00CABDAC /* Restart */,
			);
		};
/* End PBXProject section */

/* Begin PBXResourcesBuildPhase section */
		B78AE98627D1E49B00CABDAC /* Resources */ = {
			isa = PBXResourcesBuildPhase;
			buildActionMask = 2147483647;
			files = (
				B78AE99C27D1E53F00CABDAC /* success.m4a in Resources */,
				B78AE99B27D1E53F00CABDAC /* chimeup.mp3 in Resources */,
				B78AE99327D1E49B00CABDAC /* Preview Assets.xcassets in Resources */,
				B78AE99027D1E49B00CABDAC /* Assets.xcassets in Resources */,
			);
			runOnlyForDeploymentPostprocessing = 0;
		};
/* End PBXResourcesBuildPhase section */

/* Begin PBXSourcesBuildPhase section */
		B78AE98427D1E49B00CABDAC /* Sources */ = {
			isa = PBXSourcesBuildPhase;
			buildActionMask = 2147483647;
			files = (
				B786E32427D6E663002B7E53 /* CircleGroupView.swift in Sources */,
				B78AE9A727D1E9C900CABDAC /* OnboardingView.swift in Sources */,
				B78AE98E27D1E49B00CABDAC /* ContentView.swift in Sources */,
				B78AE9AB27D5B9EE00CABDAC /* HomeView.swift in Sources */,
				B78AE98C27D1E49B00CABDAC /* RestartApp.swift in Sources */,
				B721ACDA27FD1C22001FBFB5 /* AudioPlayer.swift in Sources */,
			);
			runOnlyForDeploymentPostprocessing = 0;
		};
/* End PBXSourcesBuildPhase section */

/* Begin XCBuildConfiguration section */
		B78AE99427D1E49B00CABDAC /* Debug */ = {
			isa = XCBuildConfiguration;
			buildSettings = {
				ALWAYS_SEARCH_USER_PATHS = NO;
				CLANG_ANALYZER_NONNULL = YES;
				CLANG_ANALYZER_NUMBER_OBJECT_CONVERSION = YES_AGGRESSIVE;
				CLANG_CXX_LANGUAGE_STANDARD = "gnu++17";
				CLANG_CXX_LIBRARY = "libc++";
				CLANG_ENABLE_MODULES = YES;
				CLANG_ENABLE_OBJC_ARC = YES;
				CLANG_ENABLE_OBJC_WEAK = YES;
				CLANG_WARN_BLOCK_CAPTURE_AUTORELEASING = YES;
				CLANG_WARN_BOOL_CONVERSION = YES;
				CLANG_WARN_COMMA = YES;
				CLANG_WARN_CONSTANT_CONVERSION = YES;
				CLANG_WARN_DEPRECATED_OBJC_IMPLEMENTATIONS = YES;
				CLANG_WARN_DIRECT_OBJC_ISA_USAGE = YES_ERROR;
				CLANG_WARN_DOCUMENTATION_COMMENTS = YES;
				CLANG_WARN_EMPTY_BODY = YES;
				CLANG_WARN_ENUM_CONVERSION = YES;
				CLANG_WARN_INFINITE_RECURSION = YES;
				CLANG_WARN_INT_CONVERSION = YES;
				CLANG_WARN_NON_LITERAL_NULL_CONVERSION = YES;
				CLANG_WARN_OBJC_IMPLICIT_RETAIN_SELF = YES;
				CLANG_WARN_OBJC_LITERAL_CONVERSION = YES;
				CLANG_WARN_OBJC_ROOT_CLASS = YES_ERROR;
				CLANG_WARN_QUOTED_INCLUDE_IN_FRAMEWORK_HEADER = YES;
				CLANG_WARN_RANGE_LOOP_ANALYSIS = YES;
				CLANG_WARN_STRICT_PROTOTYPES = YES;
				CLANG_WARN_SUSPICIOUS_MOVE = YES;
				CLANG_WARN_UNGUARDED_AVAILABILITY = YES_AGGRESSIVE;
				CLANG_WARN_UNREACHABLE_CODE = YES;
				CLANG_WARN__DUPLICATE_METHOD_MATCH = YES;
				COPY_PHASE_STRIP = NO;
				DEBUG_INFORMATION_FORMAT = dwarf;
				ENABLE_STRICT_OBJC_MSGSEND = YES;
				ENABLE_TESTABILITY = YES;
				GCC_C_LANGUAGE_STANDARD = gnu11;
				GCC_DYNAMIC_NO_PIC = NO;
				GCC_NO_COMMON_BLOCKS = YES;
				GCC_OPTIMIZATION_LEVEL = 0;
				GCC_PREPROCESSOR_DEFINITIONS = (
					"DEBUG=1",
					"$(inherited)",
				);
				GCC_WARN_64_TO_32_BIT_CONVERSION = YES;
				GCC_WARN_ABOUT_RETURN_TYPE = YES_ERROR;
				GCC_WARN_UNDECLARED_SELECTOR = YES;
				GCC_WARN_UNINITIALIZED_AUTOS = YES_AGGRESSIVE;
				GCC_WARN_UNUSED_FUNCTION = YES;
				GCC_WARN_UNUSED_VARIABLE = YES;
				IPHONEOS_DEPLOYMENT_TARGET = 15.2;
				MTL_ENABLE_DEBUG_INFO = INCLUDE_SOURCE;
				MTL_FAST_MATH = YES;
				ONLY_ACTIVE_ARCH = YES;
				SDKROOT = iphoneos;
				SWIFT_ACTIVE_COMPILATION_CONDITIONS = DEBUG;
				SWIFT_OPTIMIZATION_LEVEL = "-Onone";
			};
			name = Debug;
		};
		B78AE99527D1E49B00CABDAC /* Release */ = {
			isa = XCBuildConfiguration;
			buildSettings = {
				ALWAYS_SEARCH_USER_PATHS = NO;
				CLANG_ANALYZER_NONNULL = YES;
				CLANG_ANALYZER_NUMBER_OBJECT_CONVERSION = YES_AGGRESSIVE;
				CLANG_CXX_LANGUAGE_STANDARD = "gnu++17";
				CLANG_CXX_LIBRARY = "libc++";
				CLANG_ENABLE_MODULES = YES;
				CLANG_ENABLE_OBJC_ARC = YES;
				CLANG_ENABLE_OBJC_WEAK = YES;
				CLANG_WARN_BLOCK_CAPTURE_AUTORELEASING = YES;
				CLANG_WARN_BOOL_CONVERSION = YES;
				CLANG_WARN_COMMA = YES;
				CLANG_WARN_CONSTANT_CONVERSION = YES;
				CLANG_WARN_DEPRECATED_OBJC_IMPLEMENTATIONS = YES;
				CLANG_WARN_DIRECT_OBJC_ISA_USAGE = YES_ERROR;
				CLANG_WARN_DOCUMENTATION_COMMENTS = YES;
				CLANG_WARN_EMPTY_BODY = YES;
				CLANG_WARN_ENUM_CONVERSION = YES;
				CLANG_WARN_INFINITE_RECURSION = YES;
				CLANG_WARN_INT_CONVERSION = YES;
				CLANG_WARN_NON_LITERAL_NULL_CONVERSION = YES;
				CLANG_WARN_OBJC_IMPLICIT_RETAIN_SELF = YES;
				CLANG_WARN_OBJC_LITERAL_CONVERSION = YES;
				CLANG_WARN_OBJC_ROOT_CLASS = YES_ERROR;
				CLANG_WARN_QUOTED_INCLUDE_IN_FRAMEWORK_HEADER = YES;
				CLANG_WARN_RANGE_LOOP_ANALYSIS = YES;
				CLANG_WARN_STRICT_PROTOTYPES = YES;
				CLANG_WARN_SUSPICIOUS_MOVE = YES;
				CLANG_WARN_UNGUARDED_AVAILABILITY = YES_AGGRESSIVE;
				CLANG_WARN_UNREACHABLE_CODE = YES;
				CLANG_WARN__DUPLICATE_METHOD_MATCH = YES;
				COPY_PHASE_STRIP = NO;
				DEBUG_INFORMATION_FORMAT = "dwarf-with-dsym";
				ENABLE_NS_ASSERTIONS = NO;
				ENABLE_STRICT_OBJC_MSGSEND = YES;
				GCC_C_LANGUAGE_STANDARD = gnu11;
				GCC_NO_COMMON_BLOCKS = YES;
				GCC_WARN_64_TO_32_BIT_CONVERSION = YES;
				GCC_WARN_ABOUT_RETURN_TYPE = YES_ERROR;
				GCC_WARN_UNDECLARED_SELECTOR = YES;
				GCC_WARN_UNINITIALIZED_AUTOS = YES_AGGRESSIVE;
				GCC_WARN_UNUSED_FUNCTION = YES;
				GCC_WARN_UNUSED_VARIABLE = YES;
				IPHONEOS_DEPLOYMENT_TARGET = 15.2;
				MTL_ENABLE_DEBUG_INFO = NO;
				MTL_FAST_MATH = YES;
				SDKROOT = iphoneos;
				SWIFT_COMPILATION_MODE = wholemodule;
				SWIFT_OPTIMIZATION_LEVEL = "-O";
				VALIDATE_PRODUCT = YES;
			};
			name = Release;
		};
		B78AE99727D1E49B00CABDAC /* Debug */ = {
			isa = XCBuildConfiguration;
			buildSettings = {
				ASSETCATALOG_COMPILER_APPICON_NAME = AppIcon;
				ASSETCATALOG_COMPILER_GLOBAL_ACCENT_COLOR_NAME = AccentColor;
				CODE_SIGN_STYLE = Automatic;
				CURRENT_PROJECT_VERSION = 1;
				DEVELOPMENT_ASSET_PATHS = "\"Restart/Preview Content\"";
				DEVELOPMENT_TEAM = CA9WMZNZUR;
				ENABLE_PREVIEWS = YES;
				GENERATE_INFOPLIST_FILE = YES;
				INFOPLIST_FILE = Restart/Info.plist;
				INFOPLIST_KEY_UIApplicationSceneManifest_Generation = YES;
				INFOPLIST_KEY_UIApplicationSupportsIndirectInputEvents = YES;
				INFOPLIST_KEY_UISupportedInterfaceOrientations = UIInterfaceOrientationPortrait;
				INFOPLIST_KEY_UISupportedInterfaceOrientations_iPad = "UIInterfaceOrientationPortrait UIInterfaceOrientationPortraitUpsideDown UIInterfaceOrientationLandscapeLeft UIInterfaceOrientationLandscapeRight";
				INFOPLIST_KEY_UISupportedInterfaceOrientations_iPhone = UIInterfaceOrientationPortrait;
				LD_RUNPATH_SEARCH_PATHS = (
					"$(inherited)",
					"@executable_path/Frameworks",
				);
				MARKETING_VERSION = 1.0;
				PRODUCT_BUNDLE_IDENTIFIER = com.nonaka.Restart;
				PRODUCT_NAME = "$(TARGET_NAME)";
				SWIFT_EMIT_LOC_STRINGS = YES;
				SWIFT_VERSION = 5.0;
				TARGETED_DEVICE_FAMILY = "1,2";
			};
			name = Debug;
		};
		B78AE99827D1E49B00CABDAC /* Release */ = {
			isa = XCBuildConfiguration;
			buildSettings = {
				ASSETCATALOG_COMPILER_APPICON_NAME = AppIcon;
				ASSETCATALOG_COMPILER_GLOBAL_ACCENT_COLOR_NAME = AccentColor;
				CODE_SIGN_STYLE = Automatic;
				CURRENT_PROJECT_VERSION = 1;
				DEVELOPMENT_ASSET_PATHS = "\"Restart/Preview Content\"";
				DEVELOPMENT_TEAM = CA9WMZNZUR;
				ENABLE_PREVIEWS = YES;
				GENERATE_INFOPLIST_FILE = YES;
				INFOPLIST_FILE = Restart/Info.plist;
				INFOPLIST_KEY_UIApplicationSceneManifest_Generation = YES;
				INFOPLIST_KEY_UIApplicationSupportsIndirectInputEvents = YES;
				INFOPLIST_KEY_UISupportedInterfaceOrientations = UIInterfaceOrientationPortrait;
				INFOPLIST_KEY_UISupportedInterfaceOrientations_iPad = "UIInterfaceOrientationPortrait UIInterfaceOrientationPortraitUpsideDown UIInterfaceOrientationLandscapeLeft UIInterfaceOrientationLandscapeRight";
				INFOPLIST_KEY_UISupportedInterfaceOrientations_iPhone = UIInterfaceOrientationPortrait;
				LD_RUNPATH_SEARCH_PATHS = (
					"$(inherited)",
					"@executable_path/Frameworks",
				);
				MARKETING_VERSION = 1.0;
				PRODUCT_BUNDLE_IDENTIFIER = com.nonaka.Restart;
				PRODUCT_NAME = "$(TARGET_NAME)";
				SWIFT_EMIT_LOC_STRINGS = YES;
				SWIFT_VERSION = 5.0;
				TARGETED_DEVICE_FAMILY = "1,2";
			};
			name = Release;
		};
/* End XCBuildConfiguration section */

/* Begin XCConfigurationList section */
		B78AE98327D1E49B00CABDAC /* Build configuration list for PBXProject "Restart" */ = {
			isa = XCConfigurationList;
			buildConfigurations = (
				B78AE99427D1E49B00CABDAC /* Debug */,
				B78AE99527D1E49B00CABDAC /* Release */,
			);
			defaultConfigurationIsVisible = 0;
			defaultConfigurationName = Release;
		};
		B78AE99627D1E49B00CABDAC /* Build configuration list for PBXNativeTarget "Restart" */ = {
			isa = XCConfigurationList;
			buildConfigurations = (
				B78AE99727D1E49B00CABDAC /* Debug */,
				B78AE99827D1E49B00CABDAC /* Release */,
			);
			defaultConfigurationIsVisible = 0;
			defaultConfigurationName = Release;
		};
/* End XCConfigurationList section */
	};
	rootObject = B78AE98027D1E49B00CABDAC /* Project object */;
}
